{
  "name": "integration",
  "version": "0.0.0",
  "lockfileVersion": 1,
  "requires": true,
  "dependencies": {
    "@oh-node/bootloader": {
      "version": "file:../packages/bootloader",
      "requires": {
        "@oh-node/http": "^0.0.1",
        "@oh-node/kernel": "^0.0.1",
        "@oh-node/router": "^0.0.1",
        "tslib": "^1.9.3"
      },
      "dependencies": {
        "@oh-node/http": {
          "version": "0.0.1",
          "bundled": true,
          "requires": {
            "@oh-node/router": "^0.0.1",
            "tslib": "^1.9.3"
          },
          "dependencies": {
            "@oh-node/router": {
              "version": "0.0.1",
              "bundled": true,
              "requires": {
                "path-to-regexp": "^2.4.0",
                "tslib": "^1.9.3"
              },
              "dependencies": {
                "@types/node": {
                  "version": "10.12.18",
                  "bundled": true
                },
                "path-to-regexp": {
                  "version": "2.4.0",
                  "bundled": true
                },
                "tslib": {
                  "version": "1.9.3",
                  "bundled": true
                }
              }
            },
            "tslib": {
              "version": "1.9.3",
              "bundled": true
            }
          }
        },
        "@oh-node/kernel": {
          "version": "0.0.1",
          "bundled": true,
          "requires": {
            "@oh-node/config": "^0.0.1",
            "tslib": "^1.9.3"
          },
          "dependencies": {
            "@oh-node/config": {
              "version": "0.0.1",
              "bundled": true,
              "requires": {
                "tslib": "^1.9.3"
              },
              "dependencies": {
                "tslib": {
                  "version": "1.9.3",
                  "bundled": true
                }
              }
            },
            "@types/node": {
              "version": "10.12.18",
              "bundled": true
            },
            "tslib": {
              "version": "1.9.3",
              "bundled": true
            }
          }
        },
        "@oh-node/router": {
          "version": "0.0.1",
          "bundled": true,
          "requires": {
            "path-to-regexp": "^2.4.0",
            "tslib": "^1.9.3"
          },
          "dependencies": {
            "@types/node": {
              "version": "10.12.18",
              "bundled": true
            },
            "path-to-regexp": {
              "version": "2.4.0",
              "bundled": true
            },
            "tslib": {
              "version": "1.9.3",
              "bundled": true
            }
          }
        },
        "@types/node": {
          "version": "10.12.18",
          "bundled": true
        },
        "tslib": {
          "version": "1.9.3",
          "bundled": true
        }
      }
    },
    "@oh-node/config": {
      "version": "file:../packages/config",
      "requires": {
        "tslib": "^1.9.3"
      },
      "dependencies": {
        "@types/node": {
          "version": "10.12.18",
          "bundled": true
        },
        "tslib": {
          "version": "1.9.3",
          "bundled": true
        }
      }
    },
    "@oh-node/http": {
      "version": "file:../packages/http",
      "requires": {
        "@oh-node/router": "^0.0.1",
        "tslib": "^1.9.3"
      },
      "dependencies": {
        "@oh-node/router": {
          "version": "0.0.1",
          "bundled": true,
          "requires": {
            "path-to-regexp": "^2.4.0",
            "tslib": "^1.9.3"
          },
          "dependencies": {}
        },
        "tslib": {
          "version": "1.9.3",
          "bundled": true
        }
      }
    },
    "@oh-node/kernel": {
      "version": "file:../packages/kernel",
      "requires": {
        "@oh-node/config": "^0.0.1",
        "tslib": "^1.9.3"
      },
      "dependencies": {
        "@oh-node/config": {
          "version": "0.0.1",
          "bundled": true,
          "requires": {
            "tslib": "^1.9.3"
          },
          "dependencies": {}
        },
        "@types/node": {
          "version": "10.12.18",
          "bundled": true
        },
        "tslib": {
          "version": "1.9.3",
          "bundled": true
        }
      }
    },
    "@oh-node/router": {
      "version": "file:../packages/router",
      "requires": {
        "path-to-regexp": "^2.4.0",
        "tslib": "^1.9.3"
      },
      "dependencies": {
        "@types/node": {
          "version": "10.12.18",
          "bundled": true
        },
        "path-to-regexp": {
          "version": "2.4.0",
          "bundled": true
        },
        "tslib": {
          "version": "1.9.3",
          "bundled": true
        }
      }
    }
  }
}
